// !$*UTF8*$!
{
	archiveVersion = 1;
	classes = {
	};
	objectVersion = 56;
	objects = {

/* Begin PBXBuildFile section */
		7DEF2CD52866D2B60072C262 /* fruits_app_swiftuiApp.swift in Sources */ = {isa = PBXBuildFile; fileRef = 7DEF2CD42866D2B60072C262 /* fruits_app_swiftuiApp.swift */; };
		7DEF2CD72866D2B60072C262 /* ContentView.swift in Sources */ = {isa = PBXBuildFile; fileRef = 7DEF2CD62866D2B60072C262 /* ContentView.swift */; };
		7DEF2CD92866D2B70072C262 /* Assets.xcassets in Resources */ = {isa = PBXBuildFile; fileRef = 7DEF2CD82866D2B70072C262 /* Assets.xcassets */; };
		7DEF2CDC2866D2B70072C262 /* Preview Assets.xcassets in Resources */ = {isa = PBXBuildFile; fileRef = 7DEF2CDB2866D2B70072C262 /* Preview Assets.xcassets */; };
		7DEF2CE62866D2B70072C262 /* fruits_app_swiftuiTests.swift in Sources */ = {isa = PBXBuildFile; fileRef = 7DEF2CE52866D2B70072C262 /* fruits_app_swiftuiTests.swift */; };
		7DEF2CF02866D2B70072C262 /* fruits_app_swiftuiUITests.swift in Sources */ = {isa = PBXBuildFile; fileRef = 7DEF2CEF2866D2B70072C262 /* fruits_app_swiftuiUITests.swift */; };
		7DEF2CF22866D2B70072C262 /* fruits_app_swiftuiUITestsLaunchTests.swift in Sources */ = {isa = PBXBuildFile; fileRef = 7DEF2CF12866D2B70072C262 /* fruits_app_swiftuiUITestsLaunchTests.swift */; };
		7DEF2D01286763E70072C262 /* FruitCardView.swift in Sources */ = {isa = PBXBuildFile; fileRef = 7DEF2D00286763E70072C262 /* FruitCardView.swift */; };
		7DEF2D03286789030072C262 /* StartButtonView.swift in Sources */ = {isa = PBXBuildFile; fileRef = 7DEF2D02286789030072C262 /* StartButtonView.swift */; };
		7DEF2D0528678D8F0072C262 /* OnboardingView.swift in Sources */ = {isa = PBXBuildFile; fileRef = 7DEF2D0428678D8F0072C262 /* OnboardingView.swift */; };
		7DEF2D08286790210072C262 /* FruitModel.swift in Sources */ = {isa = PBXBuildFile; fileRef = 7DEF2D07286790210072C262 /* FruitModel.swift */; };
		7DEF2D0B2867A0ED0072C262 /* FruitData.swift in Sources */ = {isa = PBXBuildFile; fileRef = 7DEF2D0A2867A0ED0072C262 /* FruitData.swift */; };
		7DEF2D0D2868BDF20072C262 /* FruitRowView.swift in Sources */ = {isa = PBXBuildFile; fileRef = 7DEF2D0C2868BDF20072C262 /* FruitRowView.swift */; };
		7DEF2D0F2868C2240072C262 /* FruitDetailView.swift in Sources */ = {isa = PBXBuildFile; fileRef = 7DEF2D0E2868C2240072C262 /* FruitDetailView.swift */; };
/* End PBXBuildFile section */

/* Begin PBXContainerItemProxy section */
		7DEF2CE22866D2B70072C262 /* PBXContainerItemProxy */ = {
			isa = PBXContainerItemProxy;
			containerPortal = 7DEF2CC92866D2B60072C262 /* Project object */;
			proxyType = 1;
			remoteGlobalIDString = 7DEF2CD02866D2B60072C262;
			remoteInfo = "fruits-app-swiftui";
		};
		7DEF2CEC2866D2B70072C262 /* PBXContainerItemProxy */ = {
			isa = PBXContainerItemProxy;
			containerPortal = 7DEF2CC92866D2B60072C262 /* Project object */;
			proxyType = 1;
			remoteGlobalIDString = 7DEF2CD02866D2B60072C262;
			remoteInfo = "fruits-app-swiftui";
		};
/* End PBXContainerItemProxy section */

/* Begin PBXFileReference section */
		7DEF2CD12866D2B60072C262 /* fruits-app-swiftui.app */ = {isa = PBXFileReference; explicitFileType = wrapper.application; includeInIndex = 0; path = "fruits-app-swiftui.app"; sourceTree = BUILT_PRODUCTS_DIR; };
		7DEF2CD42866D2B60072C262 /* fruits_app_swiftuiApp.swift */ = {isa = PBXFileReference; lastKnownFileType = sourcecode.swift; path = fruits_app_swiftuiApp.swift; sourceTree = "<group>"; };
		7DEF2CD62866D2B60072C262 /* ContentView.swift */ = {isa = PBXFileReference; lastKnownFileType = sourcecode.swift; path = ContentView.swift; sourceTree = "<group>"; };
		7DEF2CD82866D2B70072C262 /* Assets.xcassets */ = {isa = PBXFileReference; lastKnownFileType = folder.assetcatalog; path = Assets.xcassets; sourceTree = "<group>"; };
		7DEF2CDB2866D2B70072C262 /* Preview Assets.xcassets */ = {isa = PBXFileReference; lastKnownFileType = folder.assetcatalog; path = "Preview Assets.xcassets"; sourceTree = "<group>"; };
		7DEF2CE12866D2B70072C262 /* fruits-app-swiftuiTests.xctest */ = {isa = PBXFileReference; explicitFileType = wrapper.cfbundle; includeInIndex = 0; path = "fruits-app-swiftuiTests.xctest"; sourceTree = BUILT_PRODUCTS_DIR; };
		7DEF2CE52866D2B70072C262 /* fruits_app_swiftuiTests.swift */ = {isa = PBXFileReference; lastKnownFileType = sourcecode.swift; path = fruits_app_swiftuiTests.swift; sourceTree = "<group>"; };
		7DEF2CEB2866D2B70072C262 /* fruits-app-swiftuiUITests.xctest */ = {isa = PBXFileReference; explicitFileType = wrapper.cfbundle; includeInIndex = 0; path = "fruits-app-swiftuiUITests.xctest"; sourceTree = BUILT_PRODUCTS_DIR; };
		7DEF2CEF2866D2B70072C262 /* fruits_app_swiftuiUITests.swift */ = {isa = PBXFileReference; lastKnownFileType = sourcecode.swift; path = fruits_app_swiftuiUITests.swift; sourceTree = "<group>"; };
		7DEF2CF12866D2B70072C262 /* fruits_app_swiftuiUITestsLaunchTests.swift */ = {isa = PBXFileReference; lastKnownFileType = sourcecode.swift; path = fruits_app_swiftuiUITestsLaunchTests.swift; sourceTree = "<group>"; };
		7DEF2D00286763E70072C262 /* FruitCardView.swift */ = {isa = PBXFileReference; lastKnownFileType = sourcecode.swift; path = FruitCardView.swift; sourceTree = "<group>"; };
		7DEF2D02286789030072C262 /* StartButtonView.swift */ = {isa = PBXFileReference; lastKnownFileType = sourcecode.swift; path = StartButtonView.swift; sourceTree = "<group>"; };
		7DEF2D0428678D8F0072C262 /* OnboardingView.swift */ = {isa = PBXFileReference; lastKnownFileType = sourcecode.swift; path = OnboardingView.swift; sourceTree = "<group>"; };
		7DEF2D07286790210072C262 /* FruitModel.swift */ = {isa = PBXFileReference; lastKnownFileType = sourcecode.swift; path = FruitModel.swift; sourceTree = "<group>"; };
		7DEF2D0A2867A0ED0072C262 /* FruitData.swift */ = {isa = PBXFileReference; lastKnownFileType = sourcecode.swift; path = FruitData.swift; sourceTree = "<group>"; };
		7DEF2D0C2868BDF20072C262 /* FruitRowView.swift */ = {isa = PBXFileReference; lastKnownFileType = sourcecode.swift; path = FruitRowView.swift; sourceTree = "<group>"; };
		7DEF2D0E2868C2240072C262 /* FruitDetailView.swift */ = {isa = PBXFileReference; lastKnownFileType = sourcecode.swift; path = FruitDetailView.swift; sourceTree = "<group>"; };
/* End PBXFileReference section */

/* Begin PBXFrameworksBuildPhase section */
		7DEF2CCE2866D2B60072C262 /* Frameworks */ = {
			isa = PBXFrameworksBuildPhase;
			buildActionMask = 2147483647;
			files = (
			);
			runOnlyForDeploymentPostprocessing = 0;
		};
		7DEF2CDE2866D2B70072C262 /* Frameworks */ = {
			isa = PBXFrameworksBuildPhase;
			buildActionMask = 2147483647;
			files = (
			);
			runOnlyForDeploymentPostprocessing = 0;
		};
		7DEF2CE82866D2B70072C262 /* Frameworks */ = {
			isa = PBXFrameworksBuildPhase;
			buildActionMask = 2147483647;
			files = (
			);
			runOnlyForDeploymentPostprocessing = 0;
		};
/* End PBXFrameworksBuildPhase section */

/* Begin PBXGroup section */
		7DEF2CC82866D2B60072C262 = {
			isa = PBXGroup;
			children = (
				7DEF2CD32866D2B60072C262 /* fruits-app-swiftui */,
				7DEF2CE42866D2B70072C262 /* fruits-app-swiftuiTests */,
				7DEF2CEE2866D2B70072C262 /* fruits-app-swiftuiUITests */,
				7DEF2CD22866D2B60072C262 /* Products */,
			);
			sourceTree = "<group>";
		};
		7DEF2CD22866D2B60072C262 /* Products */ = {
			isa = PBXGroup;
			children = (
				7DEF2CD12866D2B60072C262 /* fruits-app-swiftui.app */,
				7DEF2CE12866D2B70072C262 /* fruits-app-swiftuiTests.xctest */,
				7DEF2CEB2866D2B70072C262 /* fruits-app-swiftuiUITests.xctest */,
			);
			name = Products;
			sourceTree = "<group>";
		};
		7DEF2CD32866D2B60072C262 /* fruits-app-swiftui */ = {
			isa = PBXGroup;
			children = (
				7DEF2D092867A0DD0072C262 /* Model */,
				7DEF2D06286790060072C262 /* Data */,
				7DEF2CFF286763C90072C262 /* View */,
				7DEF2CFE286763A50072C262 /* App */,
				7DEF2CD82866D2B70072C262 /* Assets.xcassets */,
				7DEF2CDA2866D2B70072C262 /* Preview Content */,
			);
			path = "fruits-app-swiftui";
			sourceTree = "<group>";
		};
		7DEF2CDA2866D2B70072C262 /* Preview Content */ = {
			isa = PBXGroup;
			children = (
				7DEF2CDB2866D2B70072C262 /* Preview Assets.xcassets */,
			);
			path = "Preview Content";
			sourceTree = "<group>";
		};
		7DEF2CE42866D2B70072C262 /* fruits-app-swiftuiTests */ = {
			isa = PBXGroup;
			children = (
				7DEF2CE52866D2B70072C262 /* fruits_app_swiftuiTests.swift */,
			);
			path = "fruits-app-swiftuiTests";
			sourceTree = "<group>";
		};
		7DEF2CEE2866D2B70072C262 /* fruits-app-swiftuiUITests */ = {
			isa = PBXGroup;
			children = (
				7DEF2CEF2866D2B70072C262 /* fruits_app_swiftuiUITests.swift */,
				7DEF2CF12866D2B70072C262 /* fruits_app_swiftuiUITestsLaunchTests.swift */,
			);
			path = "fruits-app-swiftuiUITests";
			sourceTree = "<group>";
		};
		7DEF2CFE286763A50072C262 /* App */ = {
			isa = PBXGroup;
			children = (
				7DEF2CD42866D2B60072C262 /* fruits_app_swiftuiApp.swift */,
				7DEF2CD62866D2B60072C262 /* ContentView.swift */,
				7DEF2D0428678D8F0072C262 /* OnboardingView.swift */,
				7DEF2D0E2868C2240072C262 /* FruitDetailView.swift */,
			);
			path = App;
			sourceTree = "<group>";
		};
		7DEF2CFF286763C90072C262 /* View */ = {
			isa = PBXGroup;
			children = (
				7DEF2D00286763E70072C262 /* FruitCardView.swift */,
				7DEF2D02286789030072C262 /* StartButtonView.swift */,
				7DEF2D0C2868BDF20072C262 /* FruitRowView.swift */,
			);
			path = View;
			sourceTree = "<group>";
		};
		7DEF2D06286790060072C262 /* Data */ = {
			isa = PBXGroup;
			children = (
				7DEF2D0A2867A0ED0072C262 /* FruitData.swift */,
			);
			path = Data;
			sourceTree = "<group>";
		};
		7DEF2D092867A0DD0072C262 /* Model */ = {
			isa = PBXGroup;
			children = (
				7DEF2D07286790210072C262 /* FruitModel.swift */,
			);
			path = Model;
			sourceTree = "<group>";
		};
/* End PBXGroup section */

/* Begin PBXNativeTarget section */
		7DEF2CD02866D2B60072C262 /* fruits-app-swiftui */ = {
			isa = PBXNativeTarget;
			buildConfigurationList = 7DEF2CF52866D2B70072C262 /* Build configuration list for PBXNativeTarget "fruits-app-swiftui" */;
			buildPhases = (
				7DEF2CCD2866D2B60072C262 /* Sources */,
				7DEF2CCE2866D2B60072C262 /* Frameworks */,
				7DEF2CCF2866D2B60072C262 /* Resources */,
			);
			buildRules = (
			);
			dependencies = (
			);
			name = "fruits-app-swiftui";
			productName = "fruits-app-swiftui";
			productReference = 7DEF2CD12866D2B60072C262 /* fruits-app-swiftui.app */;
			productType = "com.apple.product-type.application";
		};
		7DEF2CE02866D2B70072C262 /* fruits-app-swiftuiTests */ = {
			isa = PBXNativeTarget;
			buildConfigurationList = 7DEF2CF82866D2B70072C262 /* Build configuration list for PBXNativeTarget "fruits-app-swiftuiTests" */;
			buildPhases = (
				7DEF2CDD2866D2B70072C262 /* Sources */,
				7DEF2CDE2866D2B70072C262 /* Frameworks */,
				7DEF2CDF2866D2B70072C262 /* Resources */,
			);
			buildRules = (
			);
			dependencies = (
				7DEF2CE32866D2B70072C262 /* PBXTargetDependency */,
			);
			name = "fruits-app-swiftuiTests";
			productName = "fruits-app-swiftuiTests";
			productReference = 7DEF2CE12866D2B70072C262 /* fruits-app-swiftuiTests.xctest */;
			productType = "com.apple.product-type.bundle.unit-test";
		};
		7DEF2CEA2866D2B70072C262 /* fruits-app-swiftuiUITests */ = {
			isa = PBXNativeTarget;
			buildConfigurationList = 7DEF2CFB2866D2B70072C262 /* Build configuration list for PBXNativeTarget "fruits-app-swiftuiUITests" */;
			buildPhases = (
				7DEF2CE72866D2B70072C262 /* Sources */,
				7DEF2CE82866D2B70072C262 /* Frameworks */,
				7DEF2CE92866D2B70072C262 /* Resources */,
			);
			buildRules = (
			);
			dependencies = (
				7DEF2CED2866D2B70072C262 /* PBXTargetDependency */,
			);
			name = "fruits-app-swiftuiUITests";
			productName = "fruits-app-swiftuiUITests";
			productReference = 7DEF2CEB2866D2B70072C262 /* fruits-app-swiftuiUITests.xctest */;
			productType = "com.apple.product-type.bundle.ui-testing";
		};
/* End PBXNativeTarget section */

/* Begin PBXProject section */
		7DEF2CC92866D2B60072C262 /* Project object */ = {
			isa = PBXProject;
			attributes = {
				BuildIndependentTargetsInParallel = 1;
				LastSwiftUpdateCheck = 1400;
				LastUpgradeCheck = 1400;
				TargetAttributes = {
					7DEF2CD02866D2B60072C262 = {
						CreatedOnToolsVersion = 14.0;
					};
					7DEF2CE02866D2B70072C262 = {
						CreatedOnToolsVersion = 14.0;
						TestTargetID = 7DEF2CD02866D2B60072C262;
					};
					7DEF2CEA2866D2B70072C262 = {
						CreatedOnToolsVersion = 14.0;
						TestTargetID = 7DEF2CD02866D2B60072C262;
					};
				};
			};
			buildConfigurationList = 7DEF2CCC2866D2B60072C262 /* Build configuration list for PBXProject "fruits-app-swiftui" */;
			compatibilityVersion = "Xcode 14.0";
			developmentRegion = en;
			hasScannedForEncodings = 0;
			knownRegions = (
				en,
				Base,
			);
			mainGroup = 7DEF2CC82866D2B60072C262;
			productRefGroup = 7DEF2CD22866D2B60072C262 /* Products */;
			projectDirPath = "";
			projectRoot = "";
			targets = (
				7DEF2CD02866D2B60072C262 /* fruits-app-swiftui */,
				7DEF2CE02866D2B70072C262 /* fruits-app-swiftuiTests */,
				7DEF2CEA2866D2B70072C262 /* fruits-app-swiftuiUITests */,
			);
		};
/* End PBXProject section */

/* Begin PBXResourcesBuildPhase section */
		7DEF2CCF2866D2B60072C262 /* Resources */ = {
			isa = PBXResourcesBuildPhase;
			buildActionMask = 2147483647;
			files = (
				7DEF2CDC2866D2B70072C262 /* Preview Assets.xcassets in Resources */,
				7DEF2CD92866D2B70072C262 /* Assets.xcassets in Resources */,
			);
			runOnlyForDeploymentPostprocessing = 0;
		};
		7DEF2CDF2866D2B70072C262 /* Resources */ = {
			isa = PBXResourcesBuildPhase;
			buildActionMask = 2147483647;
			files = (
			);
			runOnlyForDeploymentPostprocessing = 0;
		};
		7DEF2CE92866D2B70072C262 /* Resources */ = {
			isa = PBXResourcesBuildPhase;
			buildActionMask = 2147483647;
			files = (
			);
			runOnlyForDeploymentPostprocessing = 0;
		};
/* End PBXResourcesBuildPhase section */

/* Begin PBXSourcesBuildPhase section */
		7DEF2CCD2866D2B60072C262 /* Sources */ = {
			isa = PBXSourcesBuildPhase;
			buildActionMask = 2147483647;
			files = (
				7DEF2D0B2867A0ED0072C262 /* FruitData.swift in Sources */,
				7DEF2D01286763E70072C262 /* FruitCardView.swift in Sources */,
				7DEF2D0D2868BDF20072C262 /* FruitRowView.swift in Sources */,
				7DEF2D03286789030072C262 /* StartButtonView.swift in Sources */,
				7DEF2D0F2868C2240072C262 /* FruitDetailView.swift in Sources */,
				7DEF2CD72866D2B60072C262 /* ContentView.swift in Sources */,
				7DEF2D0528678D8F0072C262 /* OnboardingView.swift in Sources */,
				7DEF2D08286790210072C262 /* FruitModel.swift in Sources */,
				7DEF2CD52866D2B60072C262 /* fruits_app_swiftuiApp.swift in Sources */,
			);
			runOnlyForDeploymentPostprocessing = 0;
		};
		7DEF2CDD2866D2B70072C262 /* Sources */ = {
			isa = PBXSourcesBuildPhase;
			buildActionMask = 2147483647;
			files = (
				7DEF2CE62866D2B70072C262 /* fruits_app_swiftuiTests.swift in Sources */,
			);
			runOnlyForDeploymentPostprocessing = 0;
		};
		7DEF2CE72866D2B70072C262 /* Sources */ = {
			isa = PBXSourcesBuildPhase;
			buildActionMask = 2147483647;
			files = (
				7DEF2CF02866D2B70072C262 /* fruits_app_swiftuiUITests.swift in Sources */,
				7DEF2CF22866D2B70072C262 /* fruits_app_swiftuiUITestsLaunchTests.swift in Sources */,
			);
			runOnlyForDeploymentPostprocessing = 0;
		};
/* End PBXSourcesBuildPhase section */

/* Begin PBXTargetDependency section */
		7DEF2CE32866D2B70072C262 /* PBXTargetDependency */ = {
			isa = PBXTargetDependency;
			target = 7DEF2CD02866D2B60072C262 /* fruits-app-swiftui */;
			targetProxy = 7DEF2CE22866D2B70072C262 /* PBXContainerItemProxy */;
		};
		7DEF2CED2866D2B70072C262 /* PBXTargetDependency */ = {
			isa = PBXTargetDependency;
			target = 7DEF2CD02866D2B60072C262 /* fruits-app-swiftui */;
			targetProxy = 7DEF2CEC2866D2B70072C262 /* PBXContainerItemProxy */;
		};
/* End PBXTargetDependency section */

/* Begin XCBuildConfiguration section */
		7DEF2CF32866D2B70072C262 /* Debug */ = {
			isa = XCBuildConfiguration;
			buildSettings = {
				ALWAYS_SEARCH_USER_PATHS = NO;
				CLANG_ANALYZER_NONNULL = YES;
				CLANG_ANALYZER_NUMBER_OBJECT_CONVERSION = YES_AGGRESSIVE;
				CLANG_CXX_LANGUAGE_STANDARD = "gnu++17";
				CLANG_ENABLE_MODULES = YES;
				CLANG_ENABLE_OBJC_ARC = YES;
				CLANG_ENABLE_OBJC_WEAK = YES;
				CLANG_WARN_BLOCK_CAPTURE_AUTORELEASING = YES;
				CLANG_WARN_BOOL_CONVERSION = YES;
				CLANG_WARN_COMMA = YES;
				CLANG_WARN_CONSTANT_CONVERSION = YES;
				CLANG_WARN_DEPRECATED_OBJC_IMPLEMENTATIONS = YES;
				CLANG_WARN_DIRECT_OBJC_ISA_USAGE = YES_ERROR;
				CLANG_WARN_DOCUMENTATION_COMMENTS = YES;
				CLANG_WARN_EMPTY_BODY = YES;
				CLANG_WARN_ENUM_CONVERSION = YES;
				CLANG_WARN_INFINITE_RECURSION = YES;
				CLANG_WARN_INT_CONVERSION = YES;
				CLANG_WARN_NON_LITERAL_NULL_CONVERSION = YES;
				CLANG_WARN_OBJC_IMPLICIT_RETAIN_SELF = YES;
				CLANG_WARN_OBJC_LITERAL_CONVERSION = YES;
				CLANG_WARN_OBJC_ROOT_CLASS = YES_ERROR;
				CLANG_WARN_QUOTED_INCLUDE_IN_FRAMEWORK_HEADER = YES;
				CLANG_WARN_RANGE_LOOP_ANALYSIS = YES;
				CLANG_WARN_STRICT_PROTOTYPES = YES;
				CLANG_WARN_SUSPICIOUS_MOVE = YES;
				CLANG_WARN_UNGUARDED_AVAILABILITY = YES_AGGRESSIVE;
				CLANG_WARN_UNREACHABLE_CODE = YES;
				CLANG_WARN__DUPLICATE_METHOD_MATCH = YES;
				COPY_PHASE_STRIP = NO;
				DEBUG_INFORMATION_FORMAT = dwarf;
				ENABLE_STRICT_OBJC_MSGSEND = YES;
				ENABLE_TESTABILITY = YES;
				GCC_C_LANGUAGE_STANDARD = gnu11;
				GCC_DYNAMIC_NO_PIC = NO;
				GCC_NO_COMMON_BLOCKS = YES;
				GCC_OPTIMIZATION_LEVEL = 0;
				GCC_PREPROCESSOR_DEFINITIONS = (
					"DEBUG=1",
					"$(inherited)",
				);
				GCC_WARN_64_TO_32_BIT_CONVERSION = YES;
				GCC_WARN_ABOUT_RETURN_TYPE = YES_ERROR;
				GCC_WARN_UNDECLARED_SELECTOR = YES;
				GCC_WARN_UNINITIALIZED_AUTOS = YES_AGGRESSIVE;
				GCC_WARN_UNUSED_FUNCTION = YES;
				GCC_WARN_UNUSED_VARIABLE = YES;
				IPHONEOS_DEPLOYMENT_TARGET = 16.0;
				MTL_ENABLE_DEBUG_INFO = INCLUDE_SOURCE;
				MTL_FAST_MATH = YES;
				ONLY_ACTIVE_ARCH = YES;
				SDKROOT = iphoneos;
				SWIFT_ACTIVE_COMPILATION_CONDITIONS = DEBUG;
				SWIFT_OPTIMIZATION_LEVEL = "-Onone";
			};
			name = Debug;
		};
		7DEF2CF42866D2B70072C262 /* Release */ = {
			isa = XCBuildConfiguration;
			buildSettings = {
				ALWAYS_SEARCH_USER_PATHS = NO;
				CLANG_ANALYZER_NONNULL = YES;
				CLANG_ANALYZER_NUMBER_OBJECT_CONVERSION = YES_AGGRESSIVE;
				CLANG_CXX_LANGUAGE_STANDARD = "gnu++17";
				CLANG_ENABLE_MODULES = YES;
				CLANG_ENABLE_OBJC_ARC = YES;
				CLANG_ENABLE_OBJC_WEAK = YES;
				CLANG_WARN_BLOCK_CAPTURE_AUTORELEASING = YES;
				CLANG_WARN_BOOL_CONVERSION = YES;
				CLANG_WARN_COMMA = YES;
				CLANG_WARN_CONSTANT_CONVERSION = YES;
				CLANG_WARN_DEPRECATED_OBJC_IMPLEMENTATIONS = YES;
				CLANG_WARN_DIRECT_OBJC_ISA_USAGE = YES_ERROR;
				CLANG_WARN_DOCUMENTATION_COMMENTS = YES;
				CLANG_WARN_EMPTY_BODY = YES;
				CLANG_WARN_ENUM_CONVERSION = YES;
				CLANG_WARN_INFINITE_RECURSION = YES;
				CLANG_WARN_INT_CONVERSION = YES;
				CLANG_WARN_NON_LITERAL_NULL_CONVERSION = YES;
				CLANG_WARN_OBJC_IMPLICIT_RETAIN_SELF = YES;
				CLANG_WARN_OBJC_LITERAL_CONVERSION = YES;
				CLANG_WARN_OBJC_ROOT_CLASS = YES_ERROR;
				CLANG_WARN_QUOTED_INCLUDE_IN_FRAMEWORK_HEADER = YES;
				CLANG_WARN_RANGE_LOOP_ANALYSIS = YES;
				CLANG_WARN_STRICT_PROTOTYPES = YES;
				CLANG_WARN_SUSPICIOUS_MOVE = YES;
				CLANG_WARN_UNGUARDED_AVAILABILITY = YES_AGGRESSIVE;
				CLANG_WARN_UNREACHABLE_CODE = YES;
				CLANG_WARN__DUPLICATE_METHOD_MATCH = YES;
				COPY_PHASE_STRIP = NO;
				DEBUG_INFORMATION_FORMAT = "dwarf-with-dsym";
				ENABLE_NS_ASSERTIONS = NO;
				ENABLE_STRICT_OBJC_MSGSEND = YES;
				GCC_C_LANGUAGE_STANDARD = gnu11;
				GCC_NO_COMMON_BLOCKS = YES;
				GCC_WARN_64_TO_32_BIT_CONVERSION = YES;
				GCC_WARN_ABOUT_RETURN_TYPE = YES_ERROR;
				GCC_WARN_UNDECLARED_SELECTOR = YES;
				GCC_WARN_UNINITIALIZED_AUTOS = YES_AGGRESSIVE;
				GCC_WARN_UNUSED_FUNCTION = YES;
				GCC_WARN_UNUSED_VARIABLE = YES;
				IPHONEOS_DEPLOYMENT_TARGET = 16.0;
				MTL_ENABLE_DEBUG_INFO = NO;
				MTL_FAST_MATH = YES;
				SDKROOT = iphoneos;
				SWIFT_COMPILATION_MODE = wholemodule;
				SWIFT_OPTIMIZATION_LEVEL = "-O";
				VALIDATE_PRODUCT = YES;
			};
			name = Release;
		};
		7DEF2CF62866D2B70072C262 /* Debug */ = {
			isa = XCBuildConfiguration;
			buildSettings = {
				ASSETCATALOG_COMPILER_APPICON_NAME = AppIcon;
				ASSETCATALOG_COMPILER_GLOBAL_ACCENT_COLOR_NAME = AccentColor;
				CODE_SIGN_STYLE = Automatic;
				CURRENT_PROJECT_VERSION = 1;
				DEVELOPMENT_ASSET_PATHS = "\"fruits-app-swiftui/Preview Content\"";
				DEVELOPMENT_TEAM = 8M4VMWD9G6;
				ENABLE_PREVIEWS = YES;
				GENERATE_INFOPLIST_FILE = YES;
				INFOPLIST_KEY_UIApplicationSceneManifest_Generation = YES;
				INFOPLIST_KEY_UIApplicationSupportsIndirectInputEvents = YES;
				INFOPLIST_KEY_UILaunchScreen_Generation = YES;
				INFOPLIST_KEY_UISupportedInterfaceOrientations = UIInterfaceOrientationPortrait;
				LD_RUNPATH_SEARCH_PATHS = (
					"$(inherited)",
					"@executable_path/Frameworks",
				);
				MARKETING_VERSION = 1.0;
				PRODUCT_BUNDLE_IDENTIFIER = "com.charlesrobertsdesign.fruits-app-swiftui";
				PRODUCT_NAME = "$(TARGET_NAME)";
				SWIFT_EMIT_LOC_STRINGS = YES;
				SWIFT_VERSION = 5.0;
				TARGETED_DEVICE_FAMILY = "1,2";
			};
			name = Debug;
		};
		7DEF2CF72866D2B70072C262 /* Release */ = {
			isa = XCBuildConfiguration;
			buildSettings = {
				ASSETCATALOG_COMPILER_APPICON_NAME = AppIcon;
				ASSETCATALOG_COMPILER_GLOBAL_ACCENT_COLOR_NAME = AccentColor;
				CODE_SIGN_STYLE = Automatic;
				CURRENT_PROJECT_VERSION = 1;
				DEVELOPMENT_ASSET_PATHS = "\"fruits-app-swiftui/Preview Content\"";
				DEVELOPMENT_TEAM = 8M4VMWD9G6;
				ENABLE_PREVIEWS = YES;
				GENERATE_INFOPLIST_FILE = YES;
				INFOPLIST_KEY_UIApplicationSceneManifest_Generation = YES;
				INFOPLIST_KEY_UIApplicationSupportsIndirectInputEvents = YES;
				INFOPLIST_KEY_UILaunchScreen_Generation = YES;
				INFOPLIST_KEY_UISupportedInterfaceOrientations = UIInterfaceOrientationPortrait;
				LD_RUNPATH_SEARCH_PATHS = (
					"$(inherited)",
					"@executable_path/Frameworks",
				);
				MARKETING_VERSION = 1.0;
				PRODUCT_BUNDLE_IDENTIFIER = "com.charlesrobertsdesign.fruits-app-swiftui";
				PRODUCT_NAME = "$(TARGET_NAME)";
				SWIFT_EMIT_LOC_STRINGS = YES;
				SWIFT_VERSION = 5.0;
				TARGETED_DEVICE_FAMILY = "1,2";
			};
			name = Release;
		};
		7DEF2CF92866D2B70072C262 /* Debug */ = {
			isa = XCBuildConfiguration;
			buildSettings = {
				ALWAYS_EMBED_SWIFT_STANDARD_LIBRARIES = YES;
				BUNDLE_LOADER = "$(TEST_HOST)";
				CODE_SIGN_STYLE = Automatic;
				CURRENT_PROJECT_VERSION = 1;
				DEVELOPMENT_TEAM = 8M4VMWD9G6;
				GENERATE_INFOPLIST_FILE = YES;
				IPHONEOS_DEPLOYMENT_TARGET = 16.0;
				MARKETING_VERSION = 1.0;
				PRODUCT_BUNDLE_IDENTIFIER = "com.charlesrobertsdesign.fruits-app-swiftuiTests";
				PRODUCT_NAME = "$(TARGET_NAME)";
				SWIFT_EMIT_LOC_STRINGS = NO;
				SWIFT_VERSION = 5.0;
				TARGETED_DEVICE_FAMILY = "1,2";
				TEST_HOST = "$(BUILT_PRODUCTS_DIR)/fruits-app-swiftui.app/$(BUNDLE_EXECUTABLE_FOLDER_PATH)/fruits-app-swiftui";
			};
			name = Debug;
		};
		7DEF2CFA2866D2B70072C262 /* Release */ = {
			isa = XCBuildConfiguration;
			buildSettings = {
				ALWAYS_EMBED_SWIFT_STANDARD_LIBRARIES = YES;
				BUNDLE_LOADER = "$(TEST_HOST)";
				CODE_SIGN_STYLE = Automatic;
				CURRENT_PROJECT_VERSION = 1;
				DEVELOPMENT_TEAM = 8M4VMWD9G6;
				GENERATE_INFOPLIST_FILE = YES;
				IPHONEOS_DEPLOYMENT_TARGET = 16.0;
				MARKETING_VERSION = 1.0;
				PRODUCT_BUNDLE_IDENTIFIER = "com.charlesrobertsdesign.fruits-app-swiftuiTests";
				PRODUCT_NAME = "$(TARGET_NAME)";
				SWIFT_EMIT_LOC_STRINGS = NO;
				SWIFT_VERSION = 5.0;
				TARGETED_DEVICE_FAMILY = "1,2";
				TEST_HOST = "$(BUILT_PRODUCTS_DIR)/fruits-app-swiftui.app/$(BUNDLE_EXECUTABLE_FOLDER_PATH)/fruits-app-swiftui";
			};
			name = Release;
		};
		7DEF2CFC2866D2B70072C262 /* Debug */ = {
			isa = XCBuildConfiguration;
			buildSettings = {
				ALWAYS_EMBED_SWIFT_STANDARD_LIBRARIES = YES;
				CODE_SIGN_STYLE = Automatic;
				CURRENT_PROJECT_VERSION = 1;
				DEVELOPMENT_TEAM = 8M4VMWD9G6;
				GENERATE_INFOPLIST_FILE = YES;
				MARKETING_VERSION = 1.0;
				PRODUCT_BUNDLE_IDENTIFIER = "com.charlesrobertsdesign.fruits-app-swiftuiUITests";
				PRODUCT_NAME = "$(TARGET_NAME)";
				SWIFT_EMIT_LOC_STRINGS = NO;
				SWIFT_VERSION = 5.0;
				TARGETED_DEVICE_FAMILY = "1,2";
				TEST_TARGET_NAME = "fruits-app-swiftui";
			};
			name = Debug;
		};
		7DEF2CFD2866D2B70072C262 /* Release */ = {
			isa = XCBuildConfiguration;
			buildSettings = {
				ALWAYS_EMBED_SWIFT_STANDARD_LIBRARIES = YES;
				CODE_SIGN_STYLE = Automatic;
				CURRENT_PROJECT_VERSION = 1;
				DEVELOPMENT_TEAM = 8M4VMWD9G6;
				GENERATE_INFOPLIST_FILE = YES;
				MARKETING_VERSION = 1.0;
				PRODUCT_BUNDLE_IDENTIFIER = "com.charlesrobertsdesign.fruits-app-swiftuiUITests";
				PRODUCT_NAME = "$(TARGET_NAME)";
				SWIFT_EMIT_LOC_STRINGS = NO;
				SWIFT_VERSION = 5.0;
				TARGETED_DEVICE_FAMILY = "1,2";
				TEST_TARGET_NAME = "fruits-app-swiftui";
			};
			name = Release;
		};
/* End XCBuildConfiguration section */

/* Begin XCConfigurationList section */
		7DEF2CCC2866D2B60072C262 /* Build configuration list for PBXProject "fruits-app-swiftui" */ = {
			isa = XCConfigurationList;
			buildConfigurations = (
				7DEF2CF32866D2B70072C262 /* Debug */,
				7DEF2CF42866D2B70072C262 /* Release */,
			);
			defaultConfigurationIsVisible = 0;
			defaultConfigurationName = Release;
		};
		7DEF2CF52866D2B70072C262 /* Build configuration list for PBXNativeTarget "fruits-app-swiftui" */ = {
			isa = XCConfigurationList;
			buildConfigurations = (
				7DEF2CF62866D2B70072C262 /* Debug */,
				7DEF2CF72866D2B70072C262 /* Release */,
			);
			defaultConfigurationIsVisible = 0;
			defaultConfigurationName = Release;
		};
		7DEF2CF82866D2B70072C262 /* Build configuration list for PBXNativeTarget "fruits-app-swiftuiTests" */ = {
			isa = XCConfigurationList;
			buildConfigurations = (
				7DEF2CF92866D2B70072C262 /* Debug */,
				7DEF2CFA2866D2B70072C262 /* Release */,
			);
			defaultConfigurationIsVisible = 0;
			defaultConfigurationName = Release;
		};
		7DEF2CFB2866D2B70072C262 /* Build configuration list for PBXNativeTarget "fruits-app-swiftuiUITests" */ = {
			isa = XCConfigurationList;
			buildConfigurations = (
				7DEF2CFC2866D2B70072C262 /* Debug */,
				7DEF2CFD2866D2B70072C262 /* Release */,
			);
			defaultConfigurationIsVisible = 0;
			defaultConfigurationName = Release;
		};
/* End XCConfigurationList section */
	};
	rootObject = 7DEF2CC92866D2B60072C262 /* Project object */;
}
